
Microsoft Visual Studio Solution File, Format Version 12.00
# Visual Studio Version 17
VisualStudioVersion = 17.6.33717.318
MinimumVisualStudioVersion = 10.0.40219.1
Project("{FAE04EC0-301F-11D3-BF4B-00C04F79EFBC}") = "Alfasoft", "Alfasoft\Alfasoft.csproj", "{6EF09DE7-375B-4598-BA2A-5A250FA14DB0}"
EndProject
Global
	GlobalSection(SolutionConfigurationPlatforms) = preSolution
		Debug|Any CPU = Debug|Any CPU
		Release|Any CPU = Release|Any CPU
	EndGlobalSection
	GlobalSection(ProjectConfigurationPlatforms) = postSolution
		{6EF09DE7-375B-4598-BA2A-5A250FA14DB0}.Debug|Any CPU.ActiveCfg = Debug|Any CPU
		{6EF09DE7-375B-4598-BA2A-5A250FA14DB0}.Debug|Any CPU.Build.0 = Debug|Any CPU
		{6EF09DE7-375B-4598-BA2A-5A250FA14DB0}.Release|Any CPU.ActiveCfg = Release|Any CPU
		{6EF09DE7-375B-4598-BA2A-5A250FA14DB0}.Release|Any CPU.Build.0 = Release|Any CPU
	EndGlobalSection
	GlobalSection(SolutionProperties) = preSolution
		HideSolutionNode = FALSE
	EndGlobalSection
	GlobalSection(ExtensibilityGlobals) = postSolution
		SolutionGuid = {90FA0E60-3612-43AA-A791-88CFF92DD069}
	EndGlobalSection
EndGlobal
